// !$*UTF8*$!
{
	archiveVersion = 1;
	classes = {
	};
	objectVersion = 50;
	objects = {

/* Begin PBXBuildFile section */
		2C2C91DF24BBDAA900077624 /* AppDelegate.swift in Sources */ = {isa = PBXBuildFile; fileRef = 2C2C91DE24BBDAA900077624 /* AppDelegate.swift */; };
		2C2C91E624BBDAA900077624 /* Main.storyboard in Resources */ = {isa = PBXBuildFile; fileRef = 2C2C91E424BBDAA900077624 /* Main.storyboard */; };
		2C2C91E824BBDAAC00077624 /* Assets.xcassets in Resources */ = {isa = PBXBuildFile; fileRef = 2C2C91E724BBDAAC00077624 /* Assets.xcassets */; };
		2C2C91EB24BBDAAC00077624 /* LaunchScreen.storyboard in Resources */ = {isa = PBXBuildFile; fileRef = 2C2C91E924BBDAAC00077624 /* LaunchScreen.storyboard */; };
		2C2C91F424BBDB9E00077624 /* HomeViewController.swift in Sources */ = {isa = PBXBuildFile; fileRef = 2C2C91F324BBDB9E00077624 /* HomeViewController.swift */; };
		2C45406024BE475D00883AC0 /* TitleHeaderView.swift in Sources */ = {isa = PBXBuildFile; fileRef = 2C45405F24BE475D00883AC0 /* TitleHeaderView.swift */; };
		2C73E35F24BD454E009755CF /* TutorialCell.swift in Sources */ = {isa = PBXBuildFile; fileRef = 2C73E35E24BD454E009755CF /* TutorialCell.swift */; };
		2C73E36124BD4DE4009755CF /* GradientOverlayView.swift in Sources */ = {isa = PBXBuildFile; fileRef = 2C73E36024BD4DE4009755CF /* GradientOverlayView.swift */; };
		2C80818724BD859400EBC9AD /* UIColor+extensions.swift in Sources */ = {isa = PBXBuildFile; fileRef = 2C80818624BD859400EBC9AD /* UIColor+extensions.swift */; };
		2C94B49424BEB20700EB9665 /* TutorialDetailViewController.swift in Sources */ = {isa = PBXBuildFile; fileRef = 2C94B49324BEB20700EB9665 /* TutorialDetailViewController.swift */; };
		2C94B49624BEC3FF00EB9665 /* Date+extensions.swift in Sources */ = {isa = PBXBuildFile; fileRef = 2C94B49524BEC3FF00EB9665 /* Date+extensions.swift */; };
		2CE2642924BD092B00109C11 /* Tutorials.plist in Resources */ = {isa = PBXBuildFile; fileRef = 2CE2642824BD092B00109C11 /* Tutorials.plist */; };
		2CE2642B24BD0ABD00109C11 /* Topic.swift in Sources */ = {isa = PBXBuildFile; fileRef = 2CE2642A24BD0ABD00109C11 /* Topic.swift */; };
		2CE2642D24BD0B2C00109C11 /* Tutorial.swift in Sources */ = {isa = PBXBuildFile; fileRef = 2CE2642C24BD0B2C00109C11 /* Tutorial.swift */; };
		2CE2642F24BD0BDF00109C11 /* Section.swift in Sources */ = {isa = PBXBuildFile; fileRef = 2CE2642E24BD0BDF00109C11 /* Section.swift */; };
		2CE2643124BD0C4D00109C11 /* Video.swift in Sources */ = {isa = PBXBuildFile; fileRef = 2CE2643024BD0C4D00109C11 /* Video.swift */; };
		2CE2643324BD0D0C00109C11 /* TutorialsController.swift in Sources */ = {isa = PBXBuildFile; fileRef = 2CE2643224BD0D0C00109C11 /* TutorialsController.swift */; };
/* End PBXBuildFile section */

/* Begin PBXFileReference section */
		2C2C91DB24BBDAA900077624 /* Tutorials.app */ = {isa = PBXFileReference; explicitFileType = wrapper.application; includeInIndex = 0; path = Tutorials.app; sourceTree = BUILT_PRODUCTS_DIR; };
		2C2C91DE24BBDAA900077624 /* AppDelegate.swift */ = {isa = PBXFileReference; lastKnownFileType = sourcecode.swift; path = AppDelegate.swift; sourceTree = "<group>"; };
		2C2C91E524BBDAA900077624 /* Base */ = {isa = PBXFileReference; lastKnownFileType = file.storyboard; name = Base; path = Base.lproj/Main.storyboard; sourceTree = "<group>"; };
		2C2C91E724BBDAAC00077624 /* Assets.xcassets */ = {isa = PBXFileReference; lastKnownFileType = folder.assetcatalog; path = Assets.xcassets; sourceTree = "<group>"; };
		2C2C91EA24BBDAAC00077624 /* Base */ = {isa = PBXFileReference; lastKnownFileType = file.storyboard; name = Base; path = Base.lproj/LaunchScreen.storyboard; sourceTree = "<group>"; };
		2C2C91EC24BBDAAC00077624 /* Info.plist */ = {isa = PBXFileReference; lastKnownFileType = text.plist.xml; path = Info.plist; sourceTree = "<group>"; };
		2C2C91F324BBDB9E00077624 /* HomeViewController.swift */ = {isa = PBXFileReference; lastKnownFileType = sourcecode.swift; path = HomeViewController.swift; sourceTree = "<group>"; };
		2C45405F24BE475D00883AC0 /* TitleHeaderView.swift */ = {isa = PBXFileReference; lastKnownFileType = sourcecode.swift; path = TitleHeaderView.swift; sourceTree = "<group>"; };
		2C73E35E24BD454E009755CF /* TutorialCell.swift */ = {isa = PBXFileReference; lastKnownFileType = sourcecode.swift; path = TutorialCell.swift; sourceTree = "<group>"; };
		2C73E36024BD4DE4009755CF /* GradientOverlayView.swift */ = {isa = PBXFileReference; lastKnownFileType = sourcecode.swift; path = GradientOverlayView.swift; sourceTree = "<group>"; };
		2C80818624BD859400EBC9AD /* UIColor+extensions.swift */ = {isa = PBXFileReference; lastKnownFileType = sourcecode.swift; path = "UIColor+extensions.swift"; sourceTree = "<group>"; };
		2C94B49324BEB20700EB9665 /* TutorialDetailViewController.swift */ = {isa = PBXFileReference; lastKnownFileType = sourcecode.swift; path = TutorialDetailViewController.swift; sourceTree = "<group>"; };
		2C94B49524BEC3FF00EB9665 /* Date+extensions.swift */ = {isa = PBXFileReference; lastKnownFileType = sourcecode.swift; path = "Date+extensions.swift"; sourceTree = "<group>"; };
		2CE2642824BD092B00109C11 /* Tutorials.plist */ = {isa = PBXFileReference; fileEncoding = 4; lastKnownFileType = text.plist.xml; path = Tutorials.plist; sourceTree = "<group>"; };
		2CE2642A24BD0ABD00109C11 /* Topic.swift */ = {isa = PBXFileReference; lastKnownFileType = sourcecode.swift; path = Topic.swift; sourceTree = "<group>"; };
		2CE2642C24BD0B2C00109C11 /* Tutorial.swift */ = {isa = PBXFileReference; lastKnownFileType = sourcecode.swift; path = Tutorial.swift; sourceTree = "<group>"; };
		2CE2642E24BD0BDF00109C11 /* Section.swift */ = {isa = PBXFileReference; lastKnownFileType = sourcecode.swift; path = Section.swift; sourceTree = "<group>"; };
		2CE2643024BD0C4D00109C11 /* Video.swift */ = {isa = PBXFileReference; lastKnownFileType = sourcecode.swift; path = Video.swift; sourceTree = "<group>"; };
		2CE2643224BD0D0C00109C11 /* TutorialsController.swift */ = {isa = PBXFileReference; lastKnownFileType = sourcecode.swift; path = TutorialsController.swift; sourceTree = "<group>"; };
/* End PBXFileReference section */

/* Begin PBXFrameworksBuildPhase section */
		2C2C91D824BBDAA900077624 /* Frameworks */ = {
			isa = PBXFrameworksBuildPhase;
			buildActionMask = 2147483647;
			files = (
			);
			runOnlyForDeploymentPostprocessing = 0;
		};
/* End PBXFrameworksBuildPhase section */

/* Begin PBXGroup section */
		2C2C91D224BBDAA900077624 = {
			isa = PBXGroup;
			children = (
				2C2C91DD24BBDAA900077624 /* Tutorials */,
				2C2C91DC24BBDAA900077624 /* Products */,
			);
			sourceTree = "<group>";
		};
		2C2C91DC24BBDAA900077624 /* Products */ = {
			isa = PBXGroup;
			children = (
				2C2C91DB24BBDAA900077624 /* Tutorials.app */,
			);
			name = Products;
			sourceTree = "<group>";
		};
		2C2C91DD24BBDAA900077624 /* Tutorials */ = {
			isa = PBXGroup;
			children = (
				2C80818524BD854000EBC9AD /* Extensions */,
				2C73E35D24BD451F009755CF /* Views */,
				2CE2642724BD090A00109C11 /* Models */,
				2C2C91F224BBDB9800077624 /* Controllers */,
				2C2C91DE24BBDAA900077624 /* AppDelegate.swift */,
				2C2C91E424BBDAA900077624 /* Main.storyboard */,
				2C2C91E724BBDAAC00077624 /* Assets.xcassets */,
				2C2C91E924BBDAAC00077624 /* LaunchScreen.storyboard */,
				2C2C91EC24BBDAAC00077624 /* Info.plist */,
			);
			path = Tutorials;
			sourceTree = "<group>";
		};
		2C2C91F224BBDB9800077624 /* Controllers */ = {
			isa = PBXGroup;
			children = (
				2C2C91F324BBDB9E00077624 /* HomeViewController.swift */,
				2C94B49324BEB20700EB9665 /* TutorialDetailViewController.swift */,
			);
			path = Controllers;
			sourceTree = "<group>";
		};
		2C73E35D24BD451F009755CF /* Views */ = {
			isa = PBXGroup;
			children = (
				2C73E35E24BD454E009755CF /* TutorialCell.swift */,
				2C73E36024BD4DE4009755CF /* GradientOverlayView.swift */,
				2C45405F24BE475D00883AC0 /* TitleHeaderView.swift */,
			);
			path = Views;
			sourceTree = "<group>";
		};
		2C80818524BD854000EBC9AD /* Extensions */ = {
			isa = PBXGroup;
			children = (
				2C80818624BD859400EBC9AD /* UIColor+extensions.swift */,
				2C94B49524BEC3FF00EB9665 /* Date+extensions.swift */,
			);
			path = Extensions;
			sourceTree = "<group>";
		};
		2CE2642724BD090A00109C11 /* Models */ = {
			isa = PBXGroup;
			children = (
				2CE2642824BD092B00109C11 /* Tutorials.plist */,
				2CE2642A24BD0ABD00109C11 /* Topic.swift */,
				2CE2642C24BD0B2C00109C11 /* Tutorial.swift */,
				2CE2642E24BD0BDF00109C11 /* Section.swift */,
				2CE2643024BD0C4D00109C11 /* Video.swift */,
				2CE2643224BD0D0C00109C11 /* TutorialsController.swift */,
			);
			path = Models;
			sourceTree = "<group>";
		};
/* End PBXGroup section */

/* Begin PBXNativeTarget section */
		2C2C91DA24BBDAA900077624 /* Tutorials */ = {
			isa = PBXNativeTarget;
			buildConfigurationList = 2C2C91EF24BBDAAC00077624 /* Build configuration list for PBXNativeTarget "Tutorials" */;
			buildPhases = (
				2C2C91D724BBDAA900077624 /* Sources */,
				2C2C91D824BBDAA900077624 /* Frameworks */,
				2C2C91D924BBDAA900077624 /* Resources */,
			);
			buildRules = (
			);
			dependencies = (
			);
			name = Tutorials;
			productName = Tutorials;
			productReference = 2C2C91DB24BBDAA900077624 /* Tutorials.app */;
			productType = "com.apple.product-type.application";
		};
/* End PBXNativeTarget section */

/* Begin PBXProject section */
		2C2C91D324BBDAA900077624 /* Project object */ = {
			isa = PBXProject;
			attributes = {
				LastSwiftUpdateCheck = 1140;
				LastUpgradeCheck = 1140;
				ORGANIZATIONNAME = Marcus;
				TargetAttributes = {
					2C2C91DA24BBDAA900077624 = {
						CreatedOnToolsVersion = 11.4.1;
					};
				};
			};
			buildConfigurationList = 2C2C91D624BBDAA900077624 /* Build configuration list for PBXProject "Tutorials" */;
			compatibilityVersion = "Xcode 9.3";
			developmentRegion = en;
			hasScannedForEncodings = 0;
			knownRegions = (
				en,
				Base,
			);
			mainGroup = 2C2C91D224BBDAA900077624;
			productRefGroup = 2C2C91DC24BBDAA900077624 /* Products */;
			projectDirPath = "";
			projectRoot = "";
			targets = (
				2C2C91DA24BBDAA900077624 /* Tutorials */,
			);
		};
/* End PBXProject section */

/* Begin PBXResourcesBuildPhase section */
		2C2C91D924BBDAA900077624 /* Resources */ = {
			isa = PBXResourcesBuildPhase;
			buildActionMask = 2147483647;
			files = (
				2CE2642924BD092B00109C11 /* Tutorials.plist in Resources */,
				2C2C91EB24BBDAAC00077624 /* LaunchScreen.storyboard in Resources */,
				2C2C91E824BBDAAC00077624 /* Assets.xcassets in Resources */,
				2C2C91E624BBDAA900077624 /* Main.storyboard in Resources */,
			);
			runOnlyForDeploymentPostprocessing = 0;
		};
/* End PBXResourcesBuildPhase section */

/* Begin PBXSourcesBuildPhase section */
		2C2C91D724BBDAA900077624 /* Sources */ = {
			isa = PBXSourcesBuildPhase;
			buildActionMask = 2147483647;
			files = (
				2CE2642F24BD0BDF00109C11 /* Section.swift in Sources */,
				2C73E35F24BD454E009755CF /* TutorialCell.swift in Sources */,
				2CE2643124BD0C4D00109C11 /* Video.swift in Sources */,
				2C2C91DF24BBDAA900077624 /* AppDelegate.swift in Sources */,
				2CE2643324BD0D0C00109C11 /* TutorialsController.swift in Sources */,
				2C73E36124BD4DE4009755CF /* GradientOverlayView.swift in Sources */,
				2CE2642D24BD0B2C00109C11 /* Tutorial.swift in Sources */,
				2C45406024BE475D00883AC0 /* TitleHeaderView.swift in Sources */,
				2C94B49624BEC3FF00EB9665 /* Date+extensions.swift in Sources */,
				2C80818724BD859400EBC9AD /* UIColor+extensions.swift in Sources */,
				2CE2642B24BD0ABD00109C11 /* Topic.swift in Sources */,
				2C2C91F424BBDB9E00077624 /* HomeViewController.swift in Sources */,
				2C94B49424BEB20700EB9665 /* TutorialDetailViewController.swift in Sources */,
			);
			runOnlyForDeploymentPostprocessing = 0;
		};
/* End PBXSourcesBuildPhase section */

/* Begin PBXVariantGroup section */
		2C2C91E424BBDAA900077624 /* Main.storyboard */ = {
			isa = PBXVariantGroup;
			children = (
				2C2C91E524BBDAA900077624 /* Base */,
			);
			name = Main.storyboard;
			sourceTree = "<group>";
		};
		2C2C91E924BBDAAC00077624 /* LaunchScreen.storyboard */ = {
			isa = PBXVariantGroup;
			children = (
				2C2C91EA24BBDAAC00077624 /* Base */,
			);
			name = LaunchScreen.storyboard;
			sourceTree = "<group>";
		};
/* End PBXVariantGroup section */

/* Begin XCBuildConfiguration section */
		2C2C91ED24BBDAAC00077624 /* Debug */ = {
			isa = XCBuildConfiguration;
			buildSettings = {
				ALWAYS_SEARCH_USER_PATHS = NO;
				CLANG_ANALYZER_NONNULL = YES;
				CLANG_ANALYZER_NUMBER_OBJECT_CONVERSION = YES_AGGRESSIVE;
				CLANG_CXX_LANGUAGE_STANDARD = "gnu++14";
				CLANG_CXX_LIBRARY = "libc++";
				CLANG_ENABLE_MODULES = YES;
				CLANG_ENABLE_OBJC_ARC = YES;
				CLANG_ENABLE_OBJC_WEAK = YES;
				CLANG_WARN_BLOCK_CAPTURE_AUTORELEASING = YES;
				CLANG_WARN_BOOL_CONVERSION = YES;
				CLANG_WARN_COMMA = YES;
				CLANG_WARN_CONSTANT_CONVERSION = YES;
				CLANG_WARN_DEPRECATED_OBJC_IMPLEMENTATIONS = YES;
				CLANG_WARN_DIRECT_OBJC_ISA_USAGE = YES_ERROR;
				CLANG_WARN_DOCUMENTATION_COMMENTS = YES;
				CLANG_WARN_EMPTY_BODY = YES;
				CLANG_WARN_ENUM_CONVERSION = YES;
				CLANG_WARN_INFINITE_RECURSION = YES;
				CLANG_WARN_INT_CONVERSION = YES;
				CLANG_WARN_NON_LITERAL_NULL_CONVERSION = YES;
				CLANG_WARN_OBJC_IMPLICIT_RETAIN_SELF = YES;
				CLANG_WARN_OBJC_LITERAL_CONVERSION = YES;
				CLANG_WARN_OBJC_ROOT_CLASS = YES_ERROR;
				CLANG_WARN_RANGE_LOOP_ANALYSIS = YES;
				CLANG_WARN_STRICT_PROTOTYPES = YES;
				CLANG_WARN_SUSPICIOUS_MOVE = YES;
				CLANG_WARN_UNGUARDED_AVAILABILITY = YES_AGGRESSIVE;
				CLANG_WARN_UNREACHABLE_CODE = YES;
				CLANG_WARN__DUPLICATE_METHOD_MATCH = YES;
				COPY_PHASE_STRIP = NO;
				DEBUG_INFORMATION_FORMAT = dwarf;
				ENABLE_STRICT_OBJC_MSGSEND = YES;
				ENABLE_TESTABILITY = YES;
				GCC_C_LANGUAGE_STANDARD = gnu11;
				GCC_DYNAMIC_NO_PIC = NO;
				GCC_NO_COMMON_BLOCKS = YES;
				GCC_OPTIMIZATION_LEVEL = 0;
				GCC_PREPROCESSOR_DEFINITIONS = (
					"DEBUG=1",
					"$(inherited)",
				);
				GCC_WARN_64_TO_32_BIT_CONVERSION = YES;
				GCC_WARN_ABOUT_RETURN_TYPE = YES_ERROR;
				GCC_WARN_UNDECLARED_SELECTOR = YES;
				GCC_WARN_UNINITIALIZED_AUTOS = YES_AGGRESSIVE;
				GCC_WARN_UNUSED_FUNCTION = YES;
				GCC_WARN_UNUSED_VARIABLE = YES;
				IPHONEOS_DEPLOYMENT_TARGET = 13.0;
				MTL_ENABLE_DEBUG_INFO = INCLUDE_SOURCE;
				MTL_FAST_MATH = YES;
				ONLY_ACTIVE_ARCH = YES;
				SDKROOT = iphoneos;
				SWIFT_ACTIVE_COMPILATION_CONDITIONS = DEBUG;
				SWIFT_OPTIMIZATION_LEVEL = "-Onone";
			};
			name = Debug;
		};
		2C2C91EE24BBDAAC00077624 /* Release */ = {
			isa = XCBuildConfiguration;
			buildSettings = {
				ALWAYS_SEARCH_USER_PATHS = NO;
				CLANG_ANALYZER_NONNULL = YES;
				CLANG_ANALYZER_NUMBER_OBJECT_CONVERSION = YES_AGGRESSIVE;
				CLANG_CXX_LANGUAGE_STANDARD = "gnu++14";
				CLANG_CXX_LIBRARY = "libc++";
				CLANG_ENABLE_MODULES = YES;
				CLANG_ENABLE_OBJC_ARC = YES;
				CLANG_ENABLE_OBJC_WEAK = YES;
				CLANG_WARN_BLOCK_CAPTURE_AUTORELEASING = YES;
				CLANG_WARN_BOOL_CONVERSION = YES;
				CLANG_WARN_COMMA = YES;
				CLANG_WARN_CONSTANT_CONVERSION = YES;
				CLANG_WARN_DEPRECATED_OBJC_IMPLEMENTATIONS = YES;
				CLANG_WARN_DIRECT_OBJC_ISA_USAGE = YES_ERROR;
				CLANG_WARN_DOCUMENTATION_COMMENTS = YES;
				CLANG_WARN_EMPTY_BODY = YES;
				CLANG_WARN_ENUM_CONVERSION = YES;
				CLANG_WARN_INFINITE_RECURSION = YES;
				CLANG_WARN_INT_CONVERSION = YES;
				CLANG_WARN_NON_LITERAL_NULL_CONVERSION = YES;
				CLANG_WARN_OBJC_IMPLICIT_RETAIN_SELF = YES;
				CLANG_WARN_OBJC_LITERAL_CONVERSION = YES;
				CLANG_WARN_OBJC_ROOT_CLASS = YES_ERROR;
				CLANG_WARN_RANGE_LOOP_ANALYSIS = YES;
				CLANG_WARN_STRICT_PROTOTYPES = YES;
				CLANG_WARN_SUSPICIOUS_MOVE = YES;
				CLANG_WARN_UNGUARDED_AVAILABILITY = YES_AGGRESSIVE;
				CLANG_WARN_UNREACHABLE_CODE = YES;
				CLANG_WARN__DUPLICATE_METHOD_MATCH = YES;
				COPY_PHASE_STRIP = NO;
				DEBUG_INFORMATION_FORMAT = "dwarf-with-dsym";
				ENABLE_NS_ASSERTIONS = NO;
				ENABLE_STRICT_OBJC_MSGSEND = YES;
				GCC_C_LANGUAGE_STANDARD = gnu11;
				GCC_NO_COMMON_BLOCKS = YES;
				GCC_WARN_64_TO_32_BIT_CONVERSION = YES;
				GCC_WARN_ABOUT_RETURN_TYPE = YES_ERROR;
				GCC_WARN_UNDECLARED_SELECTOR = YES;
				GCC_WARN_UNINITIALIZED_AUTOS = YES_AGGRESSIVE;
				GCC_WARN_UNUSED_FUNCTION = YES;
				GCC_WARN_UNUSED_VARIABLE = YES;
				IPHONEOS_DEPLOYMENT_TARGET = 13.0;
				MTL_ENABLE_DEBUG_INFO = NO;
				MTL_FAST_MATH = YES;
				SDKROOT = iphoneos;
				SWIFT_COMPILATION_MODE = wholemodule;
				SWIFT_OPTIMIZATION_LEVEL = "-O";
				VALIDATE_PRODUCT = YES;
			};
			name = Release;
		};
		2C2C91F024BBDAAC00077624 /* Debug */ = {
			isa = XCBuildConfiguration;
			buildSettings = {
				ASSETCATALOG_COMPILER_APPICON_NAME = AppIcon;
				CODE_SIGN_STYLE = Automatic;
				DEVELOPMENT_TEAM = 7TX7D7Z677;
				INFOPLIST_FILE = Tutorials/Info.plist;
				IPHONEOS_DEPLOYMENT_TARGET = 13.0;
				LD_RUNPATH_SEARCH_PATHS = (
					"$(inherited)",
					"@executable_path/Frameworks",
				);
				PRODUCT_BUNDLE_IDENTIFIER = mkKreations.Tutorials;
				PRODUCT_NAME = "$(TARGET_NAME)";
				SWIFT_VERSION = 5.0;
				TARGETED_DEVICE_FAMILY = 1;
			};
			name = Debug;
		};
		2C2C91F124BBDAAC00077624 /* Release */ = {
			isa = XCBuildConfiguration;
			buildSettings = {
				ASSETCATALOG_COMPILER_APPICON_NAME = AppIcon;
				CODE_SIGN_STYLE = Automatic;
				DEVELOPMENT_TEAM = 7TX7D7Z677;
				INFOPLIST_FILE = Tutorials/Info.plist;
				IPHONEOS_DEPLOYMENT_TARGET = 13.0;
				LD_RUNPATH_SEARCH_PATHS = (
					"$(inherited)",
					"@executable_path/Frameworks",
				);
				PRODUCT_BUNDLE_IDENTIFIER = mkKreations.Tutorials;
				PRODUCT_NAME = "$(TARGET_NAME)";
				SWIFT_VERSION = 5.0;
				TARGETED_DEVICE_FAMILY = 1;
			};
			name = Release;
		};
/* End XCBuildConfiguration section */

/* Begin XCConfigurationList section */
		2C2C91D624BBDAA900077624 /* Build configuration list for PBXProject "Tutorials" */ = {
			isa = XCConfigurationList;
			buildConfigurations = (
				2C2C91ED24BBDAAC00077624 /* Debug */,
				2C2C91EE24BBDAAC00077624 /* Release */,
			);
			defaultConfigurationIsVisible = 0;
			defaultConfigurationName = Release;
		};
		2C2C91EF24BBDAAC00077624 /* Build configuration list for PBXNativeTarget "Tutorials" */ = {
			isa = XCConfigurationList;
			buildConfigurations = (
				2C2C91F024BBDAAC00077624 /* Debug */,
				2C2C91F124BBDAAC00077624 /* Release */,
			);
			defaultConfigurationIsVisible = 0;
			defaultConfigurationName = Release;
		};
/* End XCConfigurationList section */
	};
	rootObject = 2C2C91D324BBDAA900077624 /* Project object */;
}
